
Microsoft Visual Studio Solution File, Format Version 12.00
# Visual Studio Version 16
VisualStudioVersion = 16.0.31829.152
MinimumVisualStudioVersion = 10.0.40219.1
Project("{8BC9CEB8-8B4A-11D0-8D11-00A0C91BC942}") = "ReminderProgram", "ReminderProgram.vcxproj", "{B7592599-9485-4135-8B05-9189A85B2F95}"
EndProject
Global
	GlobalSection(SolutionConfigurationPlatforms) = preSolution
		Debug|x64 = Debug|x64
		Debug|x86 = Debug|x86
		Release|x64 = Release|x64
		Release|x86 = Release|x86
	EndGlobalSection
	GlobalSection(ProjectConfigurationPlatforms) = postSolution
		{B7592599-9485-4135-8B05-9189A85B2F95}.Debug|x64.ActiveCfg = Debug|x64
		{B7592599-9485-4135-8B05-9189A85B2F95}.Debug|x64.Build.0 = Debug|x64
		{B7592599-9485-4135-8B05-9189A85B2F95}.Debug|x86.ActiveCfg = Debug|Win32
		{B7592599-9485-4135-8B05-9189A85B2F95}.Debug|x86.Build.0 = Debug|Win32
		{B7592599-9485-4135-8B05-9189A85B2F95}.Release|x64.ActiveCfg = Release|x64
		{B7592599-9485-4135-8B05-9189A85B2F95}.Release|x64.Build.0 = Release|x64
		{B7592599-9485-4135-8B05-9189A85B2F95}.Release|x86.ActiveCfg = Release|Win32
		{B7592599-9485-4135-8B05-9189A85B2F95}.Release|x86.Build.0 = Release|Win32
	EndGlobalSection
	GlobalSection(SolutionProperties) = preSolution
		HideSolutionNode = FALSE
	EndGlobalSection
	GlobalSection(ExtensibilityGlobals) = postSolution
		SolutionGuid = {143CFEAA-004E-448F-B4DA-BDEF358722F8}
	EndGlobalSection
EndGlobal
